
Microsoft Visual Studio Solution File, Format Version 12.00
# Visual Studio Version 16
VisualStudioVersion = 16.0.31129.286
MinimumVisualStudioVersion = 10.0.40219.1
Project("{FAE04EC0-301F-11D3-BF4B-00C04F79EFBC}") = "MTM.API", "MTM.API\MTM.API.csproj", "{63171000-E188-4E54-B278-D326E0232E53}"
EndProject
Project("{FAE04EC0-301F-11D3-BF4B-00C04F79EFBC}") = "MTM.Application", "MTM.Application\MTM.Application.csproj", "{454FBF76-54EF-4B63-BF9D-69726147DC13}"
EndProject
Project("{FAE04EC0-301F-11D3-BF4B-00C04F79EFBC}") = "MTM.Domain", "MTM.Domain\MTM.Domain.csproj", "{1BAB5F49-8B39-49B7-A767-5F2041E9734E}"
EndProject
Project("{FAE04EC0-301F-11D3-BF4B-00C04F79EFBC}") = "MTM.Infra", "MTM.Infra\MTM.Infra.csproj", "{F23C042A-A862-4A11-BA87-B92AC6FFCED2}"
EndProject
Project("{FAE04EC0-301F-11D3-BF4B-00C04F79EFBC}") = "MTM.Identity", "MTM.Identity\MTM.Identity.csproj", "{C59A8120-AB1A-4059-BAF8-3F83BB949433}"
EndProject
Project("{2150E333-8FDC-42A3-9474-1A3956D46DE8}") = "Cache", "Cache", "{B6072BC1-74AD-4997-8945-2245C5EAFA7E}"
EndProject
Project("{2150E333-8FDC-42A3-9474-1A3956D46DE8}") = "Test", "Test", "{28B3D302-3333-435F-8D56-96E89C8E0288}"
EndProject
Project("{FAE04EC0-301F-11D3-BF4B-00C04F79EFBC}") = "MTM.Cache.Redis", "MTM.Cache.Redis\MTM.Cache.Redis.csproj", "{4260A6AA-6917-4DE5-B431-B1A4280201BD}"
EndProject
Project("{FAE04EC0-301F-11D3-BF4B-00C04F79EFBC}") = "MTM.XTest", "MTM.XTest\MTM.XTest.csproj", "{FFB729A8-FE46-4FD3-905E-6E743CCE832C}"
EndProject
Global
	GlobalSection(SolutionConfigurationPlatforms) = preSolution
		Debug|Any CPU = Debug|Any CPU
		Release|Any CPU = Release|Any CPU
	EndGlobalSection
	GlobalSection(ProjectConfigurationPlatforms) = postSolution
		{63171000-E188-4E54-B278-D326E0232E53}.Debug|Any CPU.ActiveCfg = Debug|Any CPU
		{63171000-E188-4E54-B278-D326E0232E53}.Debug|Any CPU.Build.0 = Debug|Any CPU
		{63171000-E188-4E54-B278-D326E0232E53}.Release|Any CPU.ActiveCfg = Release|Any CPU
		{63171000-E188-4E54-B278-D326E0232E53}.Release|Any CPU.Build.0 = Release|Any CPU
		{454FBF76-54EF-4B63-BF9D-69726147DC13}.Debug|Any CPU.ActiveCfg = Debug|Any CPU
		{454FBF76-54EF-4B63-BF9D-69726147DC13}.Debug|Any CPU.Build.0 = Debug|Any CPU
		{454FBF76-54EF-4B63-BF9D-69726147DC13}.Release|Any CPU.ActiveCfg = Release|Any CPU
		{454FBF76-54EF-4B63-BF9D-69726147DC13}.Release|Any CPU.Build.0 = Release|Any CPU
		{1BAB5F49-8B39-49B7-A767-5F2041E9734E}.Debug|Any CPU.ActiveCfg = Debug|Any CPU
		{1BAB5F49-8B39-49B7-A767-5F2041E9734E}.Debug|Any CPU.Build.0 = Debug|Any CPU
		{1BAB5F49-8B39-49B7-A767-5F2041E9734E}.Release|Any CPU.ActiveCfg = Release|Any CPU
		{1BAB5F49-8B39-49B7-A767-5F2041E9734E}.Release|Any CPU.Build.0 = Release|Any CPU
		{F23C042A-A862-4A11-BA87-B92AC6FFCED2}.Debug|Any CPU.ActiveCfg = Debug|Any CPU
		{F23C042A-A862-4A11-BA87-B92AC6FFCED2}.Debug|Any CPU.Build.0 = Debug|Any CPU
		{F23C042A-A862-4A11-BA87-B92AC6FFCED2}.Release|Any CPU.ActiveCfg = Release|Any CPU
		{F23C042A-A862-4A11-BA87-B92AC6FFCED2}.Release|Any CPU.Build.0 = Release|Any CPU
		{C59A8120-AB1A-4059-BAF8-3F83BB949433}.Debug|Any CPU.ActiveCfg = Debug|Any CPU
		{C59A8120-AB1A-4059-BAF8-3F83BB949433}.Debug|Any CPU.Build.0 = Debug|Any CPU
		{C59A8120-AB1A-4059-BAF8-3F83BB949433}.Release|Any CPU.ActiveCfg = Release|Any CPU
		{C59A8120-AB1A-4059-BAF8-3F83BB949433}.Release|Any CPU.Build.0 = Release|Any CPU
		{4260A6AA-6917-4DE5-B431-B1A4280201BD}.Debug|Any CPU.ActiveCfg = Debug|Any CPU
		{4260A6AA-6917-4DE5-B431-B1A4280201BD}.Debug|Any CPU.Build.0 = Debug|Any CPU
		{4260A6AA-6917-4DE5-B431-B1A4280201BD}.Release|Any CPU.ActiveCfg = Release|Any CPU
		{4260A6AA-6917-4DE5-B431-B1A4280201BD}.Release|Any CPU.Build.0 = Release|Any CPU
		{FFB729A8-FE46-4FD3-905E-6E743CCE832C}.Debug|Any CPU.ActiveCfg = Debug|Any CPU
		{FFB729A8-FE46-4FD3-905E-6E743CCE832C}.Debug|Any CPU.Build.0 = Debug|Any CPU
		{FFB729A8-FE46-4FD3-905E-6E743CCE832C}.Release|Any CPU.ActiveCfg = Release|Any CPU
		{FFB729A8-FE46-4FD3-905E-6E743CCE832C}.Release|Any CPU.Build.0 = Release|Any CPU
	EndGlobalSection
	GlobalSection(SolutionProperties) = preSolution
		HideSolutionNode = FALSE
	EndGlobalSection
	GlobalSection(NestedProjects) = preSolution
		{4260A6AA-6917-4DE5-B431-B1A4280201BD} = {B6072BC1-74AD-4997-8945-2245C5EAFA7E}
		{FFB729A8-FE46-4FD3-905E-6E743CCE832C} = {28B3D302-3333-435F-8D56-96E89C8E0288}
	EndGlobalSection
	GlobalSection(ExtensibilityGlobals) = postSolution
		SolutionGuid = {C8C52965-9919-4BE1-BBBD-26AAA40E6663}
	EndGlobalSection
EndGlobal
